// !$*UTF8*$!
{
	archiveVersion = 1;
	classes = {
	};
	objectVersion = 48;
	objects = {

/* Begin PBXBuildFile section */
		303011682066974D0041F9DE /* LaunchScreen.storyboard in Resources */ = {isa = PBXBuildFile; fileRef = 303011662066974D0041F9DE /* LaunchScreen.storyboard */; };
		303011792066976F0041F9DE /* Assets.xcassets in Resources */ = {isa = PBXBuildFile; fileRef = 303011732066976F0041F9DE /* Assets.xcassets */; };
		3030117E206697E10041F9DE /* Main.storyboard in Resources */ = {isa = PBXBuildFile; fileRef = 3030117D206697E10041F9DE /* Main.storyboard */; };
		30301180206699AC0041F9DE /* AppDelegate.swift in Sources */ = {isa = PBXBuildFile; fileRef = 3030117F206699AC0041F9DE /* AppDelegate.swift */; };
		30301184206699C60041F9DE /* EmployeeViewController.swift in Sources */ = {isa = PBXBuildFile; fileRef = 30301183206699C60041F9DE /* EmployeeViewController.swift */; };
		30301186206699D30041F9DE /* LoginViewController.swift in Sources */ = {isa = PBXBuildFile; fileRef = 30301185206699D30041F9DE /* LoginViewController.swift */; };
		30301188206699E00041F9DE /* ManagerViewController.swift in Sources */ = {isa = PBXBuildFile; fileRef = 30301187206699E00041F9DE /* ManagerViewController.swift */; };
		3030118D20669C900041F9DE /* Employees.swift in Sources */ = {isa = PBXBuildFile; fileRef = 3030118C20669C900041F9DE /* Employees.swift */; };
		3030118F20669CBC0041F9DE /* Employee.swift in Sources */ = {isa = PBXBuildFile; fileRef = 3030118E20669CBC0041F9DE /* Employee.swift */; };
		3030119120669F9C0041F9DE /* Manager.swift in Sources */ = {isa = PBXBuildFile; fileRef = 3030119020669F9C0041F9DE /* Manager.swift */; };
		303011952066B1860041F9DE /* StreakViewController.swift in Sources */ = {isa = PBXBuildFile; fileRef = 303011942066B1860041F9DE /* StreakViewController.swift */; };
		303011A52066CAB80041F9DE /* ResponseStorage.swift in Sources */ = {isa = PBXBuildFile; fileRef = 303011A42066CAB80041F9DE /* ResponseStorage.swift */; };
		303011A72066EC6D0041F9DE /* MyStatsViewController.swift in Sources */ = {isa = PBXBuildFile; fileRef = 303011A62066EC6D0041F9DE /* MyStatsViewController.swift */; };
		303011CD206710BF0041F9DE /* awsconfiguration.json in Resources */ = {isa = PBXBuildFile; fileRef = 303011CC206710BF0041F9DE /* awsconfiguration.json */; };
		30D3121420671B940062568C /* Users.swift in Sources */ = {isa = PBXBuildFile; fileRef = 30D3121220671B940062568C /* Users.swift */; };
		30D3121E20674B310062568C /* Constants.swift in Sources */ = {isa = PBXBuildFile; fileRef = 30D3121D20674B310062568C /* Constants.swift */; };
		30D31220206754110062568C /* LogoutDetailController.swift in Sources */ = {isa = PBXBuildFile; fileRef = 30D3121F206754110062568C /* LogoutDetailController.swift */; };
		30D312222067CC730062568C /* Response.swift in Sources */ = {isa = PBXBuildFile; fileRef = 30D312212067CC730062568C /* Response.swift */; };
		30D312372067E3DD0062568C /* Charts.framework in Frameworks */ = {isa = PBXBuildFile; fileRef = 303011C52066FDA50041F9DE /* Charts.framework */; };
		30D312382067E3DD0062568C /* Charts.framework in Embed Frameworks */ = {isa = PBXBuildFile; fileRef = 303011C52066FDA50041F9DE /* Charts.framework */; settings = {ATTRIBUTES = (CodeSignOnCopy, RemoveHeadersOnCopy, ); }; };
		B8F764C3032FEB56E293B58B /* Pods_AnthemApp.framework in Frameworks */ = {isa = PBXBuildFile; fileRef = 24B3C400B7F23B41F53D2C75 /* Pods_AnthemApp.framework */; };
/* End PBXBuildFile section */

/* Begin PBXContainerItemProxy section */
		303011C42066FDA50041F9DE /* PBXContainerItemProxy */ = {
			isa = PBXContainerItemProxy;
			containerPortal = 303011BF2066FDA50041F9DE /* Charts.xcodeproj */;
			proxyType = 2;
			remoteGlobalIDString = 65AD9E95D9ED4DC0BD73A743;
			remoteInfo = Charts;
		};
		303011C62066FDA50041F9DE /* PBXContainerItemProxy */ = {
			isa = PBXContainerItemProxy;
			containerPortal = 303011BF2066FDA50041F9DE /* Charts.xcodeproj */;
			proxyType = 2;
			remoteGlobalIDString = 1CBBC58C6CE1EBEE9852CE41;
			remoteInfo = ChartsTests;
		};
		30D312392067E3DD0062568C /* PBXContainerItemProxy */ = {
			isa = PBXContainerItemProxy;
			containerPortal = 303011BF2066FDA50041F9DE /* Charts.xcodeproj */;
			proxyType = 1;
			remoteGlobalIDString = A58A4ED274A941CA248EA921;
			remoteInfo = Charts;
		};
/* End PBXContainerItemProxy section */

/* Begin PBXCopyFilesBuildPhase section */
		30D3123B2067E3DD0062568C /* Embed Frameworks */ = {
			isa = PBXCopyFilesBuildPhase;
			buildActionMask = 2147483647;
			dstPath = "";
			dstSubfolderSpec = 10;
			files = (
				30D312382067E3DD0062568C /* Charts.framework in Embed Frameworks */,
			);
			name = "Embed Frameworks";
			runOnlyForDeploymentPostprocessing = 0;
		};
/* End PBXCopyFilesBuildPhase section */

/* Begin PBXFileReference section */
		24B3C400B7F23B41F53D2C75 /* Pods_AnthemApp.framework */ = {isa = PBXFileReference; explicitFileType = wrapper.framework; includeInIndex = 0; path = Pods_AnthemApp.framework; sourceTree = BUILT_PRODUCTS_DIR; };
		3030115A2066974D0041F9DE /* AnthemApp.app */ = {isa = PBXFileReference; explicitFileType = wrapper.application; includeInIndex = 0; path = AnthemApp.app; sourceTree = BUILT_PRODUCTS_DIR; };
		303011672066974D0041F9DE /* Base */ = {isa = PBXFileReference; lastKnownFileType = file.storyboard; name = Base; path = Base.lproj/LaunchScreen.storyboard; sourceTree = "<group>"; };
		303011692066974D0041F9DE /* Info.plist */ = {isa = PBXFileReference; lastKnownFileType = text.plist.xml; path = Info.plist; sourceTree = "<group>"; };
		303011732066976F0041F9DE /* Assets.xcassets */ = {isa = PBXFileReference; lastKnownFileType = folder.assetcatalog; path = Assets.xcassets; sourceTree = "<group>"; };
		3030117D206697E10041F9DE /* Main.storyboard */ = {isa = PBXFileReference; fileEncoding = 4; lastKnownFileType = file.storyboard; path = Main.storyboard; sourceTree = "<group>"; };
		3030117F206699AC0041F9DE /* AppDelegate.swift */ = {isa = PBXFileReference; lastKnownFileType = sourcecode.swift; path = AppDelegate.swift; sourceTree = "<group>"; };
		30301183206699C60041F9DE /* EmployeeViewController.swift */ = {isa = PBXFileReference; lastKnownFileType = sourcecode.swift; path = EmployeeViewController.swift; sourceTree = "<group>"; };
		30301185206699D30041F9DE /* LoginViewController.swift */ = {isa = PBXFileReference; lastKnownFileType = sourcecode.swift; path = LoginViewController.swift; sourceTree = "<group>"; };
		30301187206699E00041F9DE /* ManagerViewController.swift */ = {isa = PBXFileReference; lastKnownFileType = sourcecode.swift; path = ManagerViewController.swift; sourceTree = "<group>"; };
		3030118C20669C900041F9DE /* Employees.swift */ = {isa = PBXFileReference; lastKnownFileType = sourcecode.swift; path = Employees.swift; sourceTree = "<group>"; };
		3030118E20669CBC0041F9DE /* Employee.swift */ = {isa = PBXFileReference; lastKnownFileType = sourcecode.swift; path = Employee.swift; sourceTree = "<group>"; };
		3030119020669F9C0041F9DE /* Manager.swift */ = {isa = PBXFileReference; lastKnownFileType = sourcecode.swift; path = Manager.swift; sourceTree = "<group>"; };
		303011942066B1860041F9DE /* StreakViewController.swift */ = {isa = PBXFileReference; lastKnownFileType = sourcecode.swift; path = StreakViewController.swift; sourceTree = "<group>"; };
		303011A42066CAB80041F9DE /* ResponseStorage.swift */ = {isa = PBXFileReference; lastKnownFileType = sourcecode.swift; path = ResponseStorage.swift; sourceTree = "<group>"; };
		303011A62066EC6D0041F9DE /* MyStatsViewController.swift */ = {isa = PBXFileReference; lastKnownFileType = sourcecode.swift; path = MyStatsViewController.swift; sourceTree = "<group>"; };
		303011BF2066FDA50041F9DE /* Charts.xcodeproj */ = {isa = PBXFileReference; lastKnownFileType = "wrapper.pb-project"; name = Charts.xcodeproj; path = Charts/Charts.xcodeproj; sourceTree = "<group>"; };
		303011CC206710BF0041F9DE /* awsconfiguration.json */ = {isa = PBXFileReference; fileEncoding = 4; lastKnownFileType = text.json; path = awsconfiguration.json; sourceTree = "<group>"; };
		30D3121220671B940062568C /* Users.swift */ = {isa = PBXFileReference; fileEncoding = 4; lastKnownFileType = sourcecode.swift; path = Users.swift; sourceTree = "<group>"; };
		30D3121D20674B310062568C /* Constants.swift */ = {isa = PBXFileReference; lastKnownFileType = sourcecode.swift; path = Constants.swift; sourceTree = "<group>"; };
		30D3121F206754110062568C /* LogoutDetailController.swift */ = {isa = PBXFileReference; lastKnownFileType = sourcecode.swift; path = LogoutDetailController.swift; sourceTree = "<group>"; };
		30D312212067CC730062568C /* Response.swift */ = {isa = PBXFileReference; lastKnownFileType = sourcecode.swift; path = Response.swift; sourceTree = "<group>"; };
		C92959F97A2EF0DC0AEBAFB8 /* Pods-AnthemApp.debug.xcconfig */ = {isa = PBXFileReference; includeInIndex = 1; lastKnownFileType = text.xcconfig; name = "Pods-AnthemApp.debug.xcconfig"; path = "Pods/Target Support Files/Pods-AnthemApp/Pods-AnthemApp.debug.xcconfig"; sourceTree = "<group>"; };
		DBC2725361F052284784C019 /* Pods-AnthemApp.release.xcconfig */ = {isa = PBXFileReference; includeInIndex = 1; lastKnownFileType = text.xcconfig; name = "Pods-AnthemApp.release.xcconfig"; path = "Pods/Target Support Files/Pods-AnthemApp/Pods-AnthemApp.release.xcconfig"; sourceTree = "<group>"; };
/* End PBXFileReference section */

/* Begin PBXFrameworksBuildPhase section */
		303011572066974D0041F9DE /* Frameworks */ = {
			isa = PBXFrameworksBuildPhase;
			buildActionMask = 2147483647;
			files = (
				B8F764C3032FEB56E293B58B /* Pods_AnthemApp.framework in Frameworks */,
				30D312372067E3DD0062568C /* Charts.framework in Frameworks */,
			);
			runOnlyForDeploymentPostprocessing = 0;
		};
/* End PBXFrameworksBuildPhase section */

/* Begin PBXGroup section */
		2CCC099B7678DEB3687C6B1D /* Pods */ = {
			isa = PBXGroup;
			children = (
				C92959F97A2EF0DC0AEBAFB8 /* Pods-AnthemApp.debug.xcconfig */,
				DBC2725361F052284784C019 /* Pods-AnthemApp.release.xcconfig */,
			);
			name = Pods;
			sourceTree = "<group>";
		};
		303011512066974D0041F9DE = {
			isa = PBXGroup;
			children = (
				303011BF2066FDA50041F9DE /* Charts.xcodeproj */,
				3030115C2066974D0041F9DE /* AnthemApp */,
				3030115B2066974D0041F9DE /* Products */,
				2CCC099B7678DEB3687C6B1D /* Pods */,
				6530DA5C4E8B2D837AC9354D /* Frameworks */,
			);
			sourceTree = "<group>";
		};
		3030115B2066974D0041F9DE /* Products */ = {
			isa = PBXGroup;
			children = (
				3030115A2066974D0041F9DE /* AnthemApp.app */,
			);
			name = Products;
			sourceTree = "<group>";
		};
		3030115C2066974D0041F9DE /* AnthemApp */ = {
			isa = PBXGroup;
			children = (
				303011CC206710BF0041F9DE /* awsconfiguration.json */,
				303011732066976F0041F9DE /* Assets.xcassets */,
				30D3121220671B940062568C /* Users.swift */,
				303011942066B1860041F9DE /* StreakViewController.swift */,
				30301183206699C60041F9DE /* EmployeeViewController.swift */,
				30301185206699D30041F9DE /* LoginViewController.swift */,
				30301187206699E00041F9DE /* ManagerViewController.swift */,
				3030118C20669C900041F9DE /* Employees.swift */,
				3030118E20669CBC0041F9DE /* Employee.swift */,
				30D3121D20674B310062568C /* Constants.swift */,
				303011A42066CAB80041F9DE /* ResponseStorage.swift */,
				30D312212067CC730062568C /* Response.swift */,
				3030119020669F9C0041F9DE /* Manager.swift */,
				3030117D206697E10041F9DE /* Main.storyboard */,
				30D3121F206754110062568C /* LogoutDetailController.swift */,
				303011A62066EC6D0041F9DE /* MyStatsViewController.swift */,
				303011662066974D0041F9DE /* LaunchScreen.storyboard */,
				303011692066974D0041F9DE /* Info.plist */,
				3030117F206699AC0041F9DE /* AppDelegate.swift */,
			);
			path = AnthemApp;
			sourceTree = "<group>";
		};
		303011C02066FDA50041F9DE /* Products */ = {
			isa = PBXGroup;
			children = (
				303011C52066FDA50041F9DE /* Charts.framework */,
				303011C72066FDA50041F9DE /* ChartsTests.xctest */,
			);
			name = Products;
			sourceTree = "<group>";
		};
		6530DA5C4E8B2D837AC9354D /* Frameworks */ = {
			isa = PBXGroup;
			children = (
				24B3C400B7F23B41F53D2C75 /* Pods_AnthemApp.framework */,
			);
			name = Frameworks;
			sourceTree = "<group>";
		};
/* End PBXGroup section */

/* Begin PBXNativeTarget section */
		303011592066974D0041F9DE /* AnthemApp */ = {
			isa = PBXNativeTarget;
			buildConfigurationList = 3030116C2066974D0041F9DE /* Build configuration list for PBXNativeTarget "AnthemApp" */;
			buildPhases = (
				CE379AB5025C9C5F75DA91B5 /* [CP] Check Pods Manifest.lock */,
				303011562066974D0041F9DE /* Sources */,
				303011572066974D0041F9DE /* Frameworks */,
				303011582066974D0041F9DE /* Resources */,
				653353A42FBBC5E7096E93FA /* [CP] Embed Pods Frameworks */,
				E1BD360767E34A0132DDC890 /* [CP] Copy Pods Resources */,
				30D3123B2067E3DD0062568C /* Embed Frameworks */,
			);
			buildRules = (
			);
			dependencies = (
				30D3123A2067E3DD0062568C /* PBXTargetDependency */,
			);
			name = AnthemApp;
			productName = AnthemApp;
			productReference = 3030115A2066974D0041F9DE /* AnthemApp.app */;
			productType = "com.apple.product-type.application";
		};
/* End PBXNativeTarget section */

/* Begin PBXProject section */
		303011522066974D0041F9DE /* Project object */ = {
			isa = PBXProject;
			attributes = {
				LastSwiftUpdateCheck = 0920;
				LastUpgradeCheck = 0920;
				ORGANIZATIONNAME = "Emily Wilson";
				TargetAttributes = {
					303011592066974D0041F9DE = {
						CreatedOnToolsVersion = 9.2;
						ProvisioningStyle = Automatic;
					};
				};
			};
			buildConfigurationList = 303011552066974D0041F9DE /* Build configuration list for PBXProject "AnthemApp" */;
			compatibilityVersion = "Xcode 8.0";
			developmentRegion = en;
			hasScannedForEncodings = 0;
			knownRegions = (
				en,
				Base,
			);
			mainGroup = 303011512066974D0041F9DE;
			productRefGroup = 3030115B2066974D0041F9DE /* Products */;
			projectDirPath = "";
			projectReferences = (
				{
					ProductGroup = 303011C02066FDA50041F9DE /* Products */;
					ProjectRef = 303011BF2066FDA50041F9DE /* Charts.xcodeproj */;
				},
			);
			projectRoot = "";
			targets = (
				303011592066974D0041F9DE /* AnthemApp */,
			);
		};
/* End PBXProject section */

/* Begin PBXReferenceProxy section */
		303011C52066FDA50041F9DE /* Charts.framework */ = {
			isa = PBXReferenceProxy;
			fileType = wrapper.framework;
			path = Charts.framework;
			remoteRef = 303011C42066FDA50041F9DE /* PBXContainerItemProxy */;
			sourceTree = BUILT_PRODUCTS_DIR;
		};
		303011C72066FDA50041F9DE /* ChartsTests.xctest */ = {
			isa = PBXReferenceProxy;
			fileType = wrapper.cfbundle;
			path = ChartsTests.xctest;
			remoteRef = 303011C62066FDA50041F9DE /* PBXContainerItemProxy */;
			sourceTree = BUILT_PRODUCTS_DIR;
		};
/* End PBXReferenceProxy section */

/* Begin PBXResourcesBuildPhase section */
		303011582066974D0041F9DE /* Resources */ = {
			isa = PBXResourcesBuildPhase;
			buildActionMask = 2147483647;
			files = (
				303011CD206710BF0041F9DE /* awsconfiguration.json in Resources */,
				303011682066974D0041F9DE /* LaunchScreen.storyboard in Resources */,
				303011792066976F0041F9DE /* Assets.xcassets in Resources */,
				3030117E206697E10041F9DE /* Main.storyboard in Resources */,
			);
			runOnlyForDeploymentPostprocessing = 0;
		};
/* End PBXResourcesBuildPhase section */

/* Begin PBXShellScriptBuildPhase section */
		653353A42FBBC5E7096E93FA /* [CP] Embed Pods Frameworks */ = {
			isa = PBXShellScriptBuildPhase;
			buildActionMask = 2147483647;
			files = (
			);
			inputPaths = (
				"${SRCROOT}/Pods/Target Support Files/Pods-AnthemApp/Pods-AnthemApp-frameworks.sh",
				"${BUILT_PRODUCTS_DIR}/AWSAuthCore/AWSAuthCore.framework",
				"${BUILT_PRODUCTS_DIR}/AWSCore/AWSCore.framework",
				"${BUILT_PRODUCTS_DIR}/AWSDynamoDB/AWSDynamoDB.framework",
				"${BUILT_PRODUCTS_DIR}/AWSMobileClient/AWSMobileClient.framework",
			);
			name = "[CP] Embed Pods Frameworks";
			outputPaths = (
				"${TARGET_BUILD_DIR}/${FRAMEWORKS_FOLDER_PATH}/AWSAuthCore.framework",
				"${TARGET_BUILD_DIR}/${FRAMEWORKS_FOLDER_PATH}/AWSCore.framework",
				"${TARGET_BUILD_DIR}/${FRAMEWORKS_FOLDER_PATH}/AWSDynamoDB.framework",
				"${TARGET_BUILD_DIR}/${FRAMEWORKS_FOLDER_PATH}/AWSMobileClient.framework",
			);
			runOnlyForDeploymentPostprocessing = 0;
			shellPath = /bin/sh;
			shellScript = "\"${SRCROOT}/Pods/Target Support Files/Pods-AnthemApp/Pods-AnthemApp-frameworks.sh\"\n";
			showEnvVarsInLog = 0;
		};
		CE379AB5025C9C5F75DA91B5 /* [CP] Check Pods Manifest.lock */ = {
			isa = PBXShellScriptBuildPhase;
			buildActionMask = 2147483647;
			files = (
			);
			inputPaths = (
				"${PODS_PODFILE_DIR_PATH}/Podfile.lock",
				"${PODS_ROOT}/Manifest.lock",
			);
			name = "[CP] Check Pods Manifest.lock";
			outputPaths = (
				"$(DERIVED_FILE_DIR)/Pods-AnthemApp-checkManifestLockResult.txt",
			);
			runOnlyForDeploymentPostprocessing = 0;
			shellPath = /bin/sh;
			shellScript = "diff \"${PODS_PODFILE_DIR_PATH}/Podfile.lock\" \"${PODS_ROOT}/Manifest.lock\" > /dev/null\nif [ $? != 0 ] ; then\n    # print error to STDERR\n    echo \"error: The sandbox is not in sync with the Podfile.lock. Run 'pod install' or update your CocoaPods installation.\" >&2\n    exit 1\nfi\n# This output is used by Xcode 'outputs' to avoid re-running this script phase.\necho \"SUCCESS\" > \"${SCRIPT_OUTPUT_FILE_0}\"\n";
			showEnvVarsInLog = 0;
		};
		E1BD360767E34A0132DDC890 /* [CP] Copy Pods Resources */ = {
			isa = PBXShellScriptBuildPhase;
			buildActionMask = 2147483647;
			files = (
			);
			inputPaths = (
			);
			name = "[CP] Copy Pods Resources";
			outputPaths = (
			);
			runOnlyForDeploymentPostprocessing = 0;
			shellPath = /bin/sh;
			shellScript = "\"${SRCROOT}/Pods/Target Support Files/Pods-AnthemApp/Pods-AnthemApp-resources.sh\"\n";
			showEnvVarsInLog = 0;
		};
/* End PBXShellScriptBuildPhase section */

/* Begin PBXSourcesBuildPhase section */
		303011562066974D0041F9DE /* Sources */ = {
			isa = PBXSourcesBuildPhase;
			buildActionMask = 2147483647;
			files = (
				303011A72066EC6D0041F9DE /* MyStatsViewController.swift in Sources */,
				30301188206699E00041F9DE /* ManagerViewController.swift in Sources */,
				303011952066B1860041F9DE /* StreakViewController.swift in Sources */,
				303011A52066CAB80041F9DE /* ResponseStorage.swift in Sources */,
				3030118F20669CBC0041F9DE /* Employee.swift in Sources */,
				30301186206699D30041F9DE /* LoginViewController.swift in Sources */,
				30D312222067CC730062568C /* Response.swift in Sources */,
				3030119120669F9C0041F9DE /* Manager.swift in Sources */,
				3030118D20669C900041F9DE /* Employees.swift in Sources */,
				30301180206699AC0041F9DE /* AppDelegate.swift in Sources */,
				30D31220206754110062568C /* LogoutDetailController.swift in Sources */,
				30301184206699C60041F9DE /* EmployeeViewController.swift in Sources */,
				30D3121420671B940062568C /* Users.swift in Sources */,
				30D3121E20674B310062568C /* Constants.swift in Sources */,
			);
			runOnlyForDeploymentPostprocessing = 0;
		};
/* End PBXSourcesBuildPhase section */

/* Begin PBXTargetDependency section */
		30D3123A2067E3DD0062568C /* PBXTargetDependency */ = {
			isa = PBXTargetDependency;
			name = Charts;
			targetProxy = 30D312392067E3DD0062568C /* PBXContainerItemProxy */;
		};
/* End PBXTargetDependency section */

/* Begin PBXVariantGroup section */
		303011662066974D0041F9DE /* LaunchScreen.storyboard */ = {
			isa = PBXVariantGroup;
			children = (
				303011672066974D0041F9DE /* Base */,
			);
			name = LaunchScreen.storyboard;
			sourceTree = "<group>";
		};
/* End PBXVariantGroup section */

/* Begin XCBuildConfiguration section */
		3030116A2066974D0041F9DE /* Debug */ = {
			isa = XCBuildConfiguration;
			buildSettings = {
				ALWAYS_SEARCH_USER_PATHS = NO;
				CLANG_ANALYZER_NONNULL = YES;
				CLANG_ANALYZER_NUMBER_OBJECT_CONVERSION = YES_AGGRESSIVE;
				CLANG_CXX_LANGUAGE_STANDARD = "gnu++14";
				CLANG_CXX_LIBRARY = "libc++";
				CLANG_ENABLE_MODULES = YES;
				CLANG_ENABLE_OBJC_ARC = YES;
				CLANG_WARN_BLOCK_CAPTURE_AUTORELEASING = YES;
				CLANG_WARN_BOOL_CONVERSION = YES;
				CLANG_WARN_COMMA = YES;
				CLANG_WARN_CONSTANT_CONVERSION = YES;
				CLANG_WARN_DIRECT_OBJC_ISA_USAGE = YES_ERROR;
				CLANG_WARN_DOCUMENTATION_COMMENTS = YES;
				CLANG_WARN_EMPTY_BODY = YES;
				CLANG_WARN_ENUM_CONVERSION = YES;
				CLANG_WARN_INFINITE_RECURSION = YES;
				CLANG_WARN_INT_CONVERSION = YES;
				CLANG_WARN_NON_LITERAL_NULL_CONVERSION = YES;
				CLANG_WARN_OBJC_LITERAL_CONVERSION = YES;
				CLANG_WARN_OBJC_ROOT_CLASS = YES_ERROR;
				CLANG_WARN_RANGE_LOOP_ANALYSIS = YES;
				CLANG_WARN_STRICT_PROTOTYPES = YES;
				CLANG_WARN_SUSPICIOUS_MOVE = YES;
				CLANG_WARN_UNGUARDED_AVAILABILITY = YES_AGGRESSIVE;
				CLANG_WARN_UNREACHABLE_CODE = YES;
				CLANG_WARN__DUPLICATE_METHOD_MATCH = YES;
				CODE_SIGN_IDENTITY = "iPhone Developer";
				COPY_PHASE_STRIP = NO;
				DEBUG_INFORMATION_FORMAT = dwarf;
				ENABLE_STRICT_OBJC_MSGSEND = YES;
				ENABLE_TESTABILITY = YES;
				GCC_C_LANGUAGE_STANDARD = gnu11;
				GCC_DYNAMIC_NO_PIC = NO;
				GCC_NO_COMMON_BLOCKS = YES;
				GCC_OPTIMIZATION_LEVEL = 0;
				GCC_PREPROCESSOR_DEFINITIONS = (
					"DEBUG=1",
					"$(inherited)",
				);
				GCC_WARN_64_TO_32_BIT_CONVERSION = YES;
				GCC_WARN_ABOUT_RETURN_TYPE = YES_ERROR;
				GCC_WARN_UNDECLARED_SELECTOR = YES;
				GCC_WARN_UNINITIALIZED_AUTOS = YES_AGGRESSIVE;
				GCC_WARN_UNUSED_FUNCTION = YES;
				GCC_WARN_UNUSED_VARIABLE = YES;
				IPHONEOS_DEPLOYMENT_TARGET = 11.2;
				MTL_ENABLE_DEBUG_INFO = YES;
				ONLY_ACTIVE_ARCH = YES;
				SDKROOT = iphoneos;
				SWIFT_ACTIVE_COMPILATION_CONDITIONS = DEBUG;
				SWIFT_OPTIMIZATION_LEVEL = "-Onone";
			};
			name = Debug;
		};
		3030116B2066974D0041F9DE /* Release */ = {
			isa = XCBuildConfiguration;
			buildSettings = {
				ALWAYS_SEARCH_USER_PATHS = NO;
				CLANG_ANALYZER_NONNULL = YES;
				CLANG_ANALYZER_NUMBER_OBJECT_CONVERSION = YES_AGGRESSIVE;
				CLANG_CXX_LANGUAGE_STANDARD = "gnu++14";
				CLANG_CXX_LIBRARY = "libc++";
				CLANG_ENABLE_MODULES = YES;
				CLANG_ENABLE_OBJC_ARC = YES;
				CLANG_WARN_BLOCK_CAPTURE_AUTORELEASING = YES;
				CLANG_WARN_BOOL_CONVERSION = YES;
				CLANG_WARN_COMMA = YES;
				CLANG_WARN_CONSTANT_CONVERSION = YES;
				CLANG_WARN_DIRECT_OBJC_ISA_USAGE = YES_ERROR;
				CLANG_WARN_DOCUMENTATION_COMMENTS = YES;
				CLANG_WARN_EMPTY_BODY = YES;
				CLANG_WARN_ENUM_CONVERSION = YES;
				CLANG_WARN_INFINITE_RECURSION = YES;
				CLANG_WARN_INT_CONVERSION = YES;
				CLANG_WARN_NON_LITERAL_NULL_CONVERSION = YES;
				CLANG_WARN_OBJC_LITERAL_CONVERSION = YES;
				CLANG_WARN_OBJC_ROOT_CLASS = YES_ERROR;
				CLANG_WARN_RANGE_LOOP_ANALYSIS = YES;
				CLANG_WARN_STRICT_PROTOTYPES = YES;
				CLANG_WARN_SUSPICIOUS_MOVE = YES;
				CLANG_WARN_UNGUARDED_AVAILABILITY = YES_AGGRESSIVE;
				CLANG_WARN_UNREACHABLE_CODE = YES;
				CLANG_WARN__DUPLICATE_METHOD_MATCH = YES;
				CODE_SIGN_IDENTITY = "iPhone Developer";
				COPY_PHASE_STRIP = NO;
				DEBUG_INFORMATION_FORMAT = "dwarf-with-dsym";
				ENABLE_NS_ASSERTIONS = NO;
				ENABLE_STRICT_OBJC_MSGSEND = YES;
				GCC_C_LANGUAGE_STANDARD = gnu11;
				GCC_NO_COMMON_BLOCKS = YES;
				GCC_WARN_64_TO_32_BIT_CONVERSION = YES;
				GCC_WARN_ABOUT_RETURN_TYPE = YES_ERROR;
				GCC_WARN_UNDECLARED_SELECTOR = YES;
				GCC_WARN_UNINITIALIZED_AUTOS = YES_AGGRESSIVE;
				GCC_WARN_UNUSED_FUNCTION = YES;
				GCC_WARN_UNUSED_VARIABLE = YES;
				IPHONEOS_DEPLOYMENT_TARGET = 11.2;
				MTL_ENABLE_DEBUG_INFO = NO;
				SDKROOT = iphoneos;
				SWIFT_OPTIMIZATION_LEVEL = "-Owholemodule";
				VALIDATE_PRODUCT = YES;
			};
			name = Release;
		};
		3030116D2066974D0041F9DE /* Debug */ = {
			isa = XCBuildConfiguration;
			baseConfigurationReference = C92959F97A2EF0DC0AEBAFB8 /* Pods-AnthemApp.debug.xcconfig */;
			buildSettings = {
				ALWAYS_EMBED_SWIFT_STANDARD_LIBRARIES = YES;
				ASSETCATALOG_COMPILER_APPICON_NAME = AppIcon;
				CODE_SIGN_STYLE = Automatic;
				DEVELOPMENT_TEAM = 8FQ244E4AK;
				INFOPLIST_FILE = AnthemApp/Info.plist;
				LD_RUNPATH_SEARCH_PATHS = "$(inherited) @executable_path/Frameworks";
				PRODUCT_BUNDLE_IDENTIFIER = com.ewilson.AnthemApp;
				PRODUCT_NAME = "$(TARGET_NAME)";
				SWIFT_VERSION = 4.0;
				TARGETED_DEVICE_FAMILY = "1,2";
			};
			name = Debug;
		};
		3030116E2066974D0041F9DE /* Release */ = {
			isa = XCBuildConfiguration;
			baseConfigurationReference = DBC2725361F052284784C019 /* Pods-AnthemApp.release.xcconfig */;
			buildSettings = {
				ALWAYS_EMBED_SWIFT_STANDARD_LIBRARIES = YES;
				ASSETCATALOG_COMPILER_APPICON_NAME = AppIcon;
				CODE_SIGN_STYLE = Automatic;
				DEVELOPMENT_TEAM = 8FQ244E4AK;
				INFOPLIST_FILE = AnthemApp/Info.plist;
				LD_RUNPATH_SEARCH_PATHS = "$(inherited) @executable_path/Frameworks";
				PRODUCT_BUNDLE_IDENTIFIER = com.ewilson.AnthemApp;
				PRODUCT_NAME = "$(TARGET_NAME)";
				SWIFT_VERSION = 4.0;
				TARGETED_DEVICE_FAMILY = "1,2";
			};
			name = Release;
		};
/* End XCBuildConfiguration section */

/* Begin XCConfigurationList section */
		303011552066974D0041F9DE /* Build configuration list for PBXProject "AnthemApp" */ = {
			isa = XCConfigurationList;
			buildConfigurations = (
				3030116A2066974D0041F9DE /* Debug */,
				3030116B2066974D0041F9DE /* Release */,
			);
			defaultConfigurationIsVisible = 0;
			defaultConfigurationName = Release;
		};
		3030116C2066974D0041F9DE /* Build configuration list for PBXNativeTarget "AnthemApp" */ = {
			isa = XCConfigurationList;
			buildConfigurations = (
				3030116D2066974D0041F9DE /* Debug */,
				3030116E2066974D0041F9DE /* Release */,
			);
			defaultConfigurationIsVisible = 0;
			defaultConfigurationName = Release;
		};
/* End XCConfigurationList section */
	};
	rootObject = 303011522066974D0041F9DE /* Project object */;
}
